
Microsoft Visual Studio Solution File, Format Version 12.00
# Visual Studio Version 16
VisualStudioVersion = 16.0.30503.244
MinimumVisualStudioVersion = 10.0.40219.1
Project("{FAE04EC0-301F-11D3-BF4B-00C04F79EFBC}") = "DevAndrey.App", "src\DevAndrey.App\DevAndrey.App.csproj", "{8BD600FC-6572-4DA0-94F0-CCEA91439350}"
EndProject
Project("{FAE04EC0-301F-11D3-BF4B-00C04F79EFBC}") = "DevAndrey.Business", "src\DevAndrey.Business\DevAndrey.Business.csproj", "{FBACF7C6-3F63-423A-B1D3-3EB976267562}"
EndProject
Project("{FAE04EC0-301F-11D3-BF4B-00C04F79EFBC}") = "DevAndrey.Data", "src\DevAndrey.Data\DevAndrey.Data.csproj", "{5B421399-6542-4861-98CE-BB2C9A46A206}"
EndProject
Global
	GlobalSection(SolutionConfigurationPlatforms) = preSolution
		Debug|Any CPU = Debug|Any CPU
		Release|Any CPU = Release|Any CPU
	EndGlobalSection
	GlobalSection(ProjectConfigurationPlatforms) = postSolution
		{8BD600FC-6572-4DA0-94F0-CCEA91439350}.Debug|Any CPU.ActiveCfg = Debug|Any CPU
		{8BD600FC-6572-4DA0-94F0-CCEA91439350}.Debug|Any CPU.Build.0 = Debug|Any CPU
		{8BD600FC-6572-4DA0-94F0-CCEA91439350}.Release|Any CPU.ActiveCfg = Release|Any CPU
		{8BD600FC-6572-4DA0-94F0-CCEA91439350}.Release|Any CPU.Build.0 = Release|Any CPU
		{FBACF7C6-3F63-423A-B1D3-3EB976267562}.Debug|Any CPU.ActiveCfg = Debug|Any CPU
		{FBACF7C6-3F63-423A-B1D3-3EB976267562}.Debug|Any CPU.Build.0 = Debug|Any CPU
		{FBACF7C6-3F63-423A-B1D3-3EB976267562}.Release|Any CPU.ActiveCfg = Release|Any CPU
		{FBACF7C6-3F63-423A-B1D3-3EB976267562}.Release|Any CPU.Build.0 = Release|Any CPU
		{5B421399-6542-4861-98CE-BB2C9A46A206}.Debug|Any CPU.ActiveCfg = Debug|Any CPU
		{5B421399-6542-4861-98CE-BB2C9A46A206}.Debug|Any CPU.Build.0 = Debug|Any CPU
		{5B421399-6542-4861-98CE-BB2C9A46A206}.Release|Any CPU.ActiveCfg = Release|Any CPU
		{5B421399-6542-4861-98CE-BB2C9A46A206}.Release|Any CPU.Build.0 = Release|Any CPU
	EndGlobalSection
	GlobalSection(SolutionProperties) = preSolution
		HideSolutionNode = FALSE
	EndGlobalSection
	GlobalSection(ExtensibilityGlobals) = postSolution
		SolutionGuid = {E2B6874E-027D-41DB-B458-F93EA19A96B4}
	EndGlobalSection
EndGlobal
